
Microsoft Visual Studio Solution File, Format Version 12.00
# Visual Studio Version 16
VisualStudioVersion = 16.0.31515.178
MinimumVisualStudioVersion = 10.0.40219.1
Project("{FAE04EC0-301F-11D3-BF4B-00C04F79EFBC}") = "BUDGET.DATA", "BUDGET.DATA\BUDGET.DATA.csproj", "{C8E32420-E2BC-46A5-A304-23E7ED85064B}"
EndProject
Project("{FAE04EC0-301F-11D3-BF4B-00C04F79EFBC}") = "BUDGET.ENTITIES", "BUDGET.ENTITIES\BUDGET.ENTITIES.csproj", "{4CF95194-2256-4B04-9A94-B697F1E32155}"
EndProject
Project("{FAE04EC0-301F-11D3-BF4B-00C04F79EFBC}") = "BUDGET.BUSINESS", "BUDGET.BUSINESS\BUDGET.BUSINESS.csproj", "{8B384D1D-51AB-48FC-9D47-814CD1D4C3B4}"
EndProject
Project("{FAE04EC0-301F-11D3-BF4B-00C04F79EFBC}") = "BUDGET.DESKTOP", "BUDGET.DESKTOP\BUDGET.DESKTOP.csproj", "{DBCD4071-4EF7-4F74-8B0E-83A1E12A4B66}"
EndProject
Global
	GlobalSection(SolutionConfigurationPlatforms) = preSolution
		Debug|Any CPU = Debug|Any CPU
		Release|Any CPU = Release|Any CPU
	EndGlobalSection
	GlobalSection(ProjectConfigurationPlatforms) = postSolution
		{C8E32420-E2BC-46A5-A304-23E7ED85064B}.Debug|Any CPU.ActiveCfg = Debug|Any CPU
		{C8E32420-E2BC-46A5-A304-23E7ED85064B}.Debug|Any CPU.Build.0 = Debug|Any CPU
		{C8E32420-E2BC-46A5-A304-23E7ED85064B}.Release|Any CPU.ActiveCfg = Release|Any CPU
		{C8E32420-E2BC-46A5-A304-23E7ED85064B}.Release|Any CPU.Build.0 = Release|Any CPU
		{4CF95194-2256-4B04-9A94-B697F1E32155}.Debug|Any CPU.ActiveCfg = Debug|Any CPU
		{4CF95194-2256-4B04-9A94-B697F1E32155}.Debug|Any CPU.Build.0 = Debug|Any CPU
		{4CF95194-2256-4B04-9A94-B697F1E32155}.Release|Any CPU.ActiveCfg = Release|Any CPU
		{4CF95194-2256-4B04-9A94-B697F1E32155}.Release|Any CPU.Build.0 = Release|Any CPU
		{8B384D1D-51AB-48FC-9D47-814CD1D4C3B4}.Debug|Any CPU.ActiveCfg = Debug|Any CPU
		{8B384D1D-51AB-48FC-9D47-814CD1D4C3B4}.Debug|Any CPU.Build.0 = Debug|Any CPU
		{8B384D1D-51AB-48FC-9D47-814CD1D4C3B4}.Release|Any CPU.ActiveCfg = Release|Any CPU
		{8B384D1D-51AB-48FC-9D47-814CD1D4C3B4}.Release|Any CPU.Build.0 = Release|Any CPU
		{DBCD4071-4EF7-4F74-8B0E-83A1E12A4B66}.Debug|Any CPU.ActiveCfg = Debug|Any CPU
		{DBCD4071-4EF7-4F74-8B0E-83A1E12A4B66}.Debug|Any CPU.Build.0 = Debug|Any CPU
		{DBCD4071-4EF7-4F74-8B0E-83A1E12A4B66}.Release|Any CPU.ActiveCfg = Release|Any CPU
		{DBCD4071-4EF7-4F74-8B0E-83A1E12A4B66}.Release|Any CPU.Build.0 = Release|Any CPU
	EndGlobalSection
	GlobalSection(SolutionProperties) = preSolution
		HideSolutionNode = FALSE
	EndGlobalSection
	GlobalSection(ExtensibilityGlobals) = postSolution
		SolutionGuid = {40C17DDB-D3AB-4A6D-895E-4A50BF3FBBE7}
	EndGlobalSection
EndGlobal
